
Microsoft Visual Studio Solution File, Format Version 12.00
# Visual Studio Version 17
VisualStudioVersion = 17.0.31903.59
MinimumVisualStudioVersion = 10.0.40219.1
Project("{FAE04EC0-301F-11D3-BF4B-00C04F79EFBC}") = "XekuII.Generator", "XekuII.Generator\XekuII.Generator.csproj", "{1437585C-2F10-4A43-AFB6-7EBD1DDA7446}"
EndProject
Project("{FAE04EC0-301F-11D3-BF4B-00C04F79EFBC}") = "XekuII.CLI", "XekuII.CLI\XekuII.CLI.csproj", "{A9E73F8A-D224-4903-A29B-B3F0E0EAAF86}"
EndProject
Project("{FAE04EC0-301F-11D3-BF4B-00C04F79EFBC}") = "XekuII.ApiHost", "XekuII.ApiHost\XekuII.ApiHost.csproj", "{FC6E66CA-5F20-3E36-E4E6-A4DCA5C92D3B}"
EndProject
Global
	GlobalSection(SolutionConfigurationPlatforms) = preSolution
		Debug|Any CPU = Debug|Any CPU
		Debug|x64 = Debug|x64
		Debug|x86 = Debug|x86
		Release|Any CPU = Release|Any CPU
		Release|x64 = Release|x64
		Release|x86 = Release|x86
	EndGlobalSection
	GlobalSection(ProjectConfigurationPlatforms) = postSolution
		{1437585C-2F10-4A43-AFB6-7EBD1DDA7446}.Debug|Any CPU.ActiveCfg = Debug|Any CPU
		{1437585C-2F10-4A43-AFB6-7EBD1DDA7446}.Debug|Any CPU.Build.0 = Debug|Any CPU
		{1437585C-2F10-4A43-AFB6-7EBD1DDA7446}.Debug|x64.ActiveCfg = Debug|Any CPU
		{1437585C-2F10-4A43-AFB6-7EBD1DDA7446}.Debug|x64.Build.0 = Debug|Any CPU
		{1437585C-2F10-4A43-AFB6-7EBD1DDA7446}.Debug|x86.ActiveCfg = Debug|Any CPU
		{1437585C-2F10-4A43-AFB6-7EBD1DDA7446}.Debug|x86.Build.0 = Debug|Any CPU
		{1437585C-2F10-4A43-AFB6-7EBD1DDA7446}.Release|Any CPU.ActiveCfg = Release|Any CPU
		{1437585C-2F10-4A43-AFB6-7EBD1DDA7446}.Release|Any CPU.Build.0 = Release|Any CPU
		{1437585C-2F10-4A43-AFB6-7EBD1DDA7446}.Release|x64.ActiveCfg = Release|Any CPU
		{1437585C-2F10-4A43-AFB6-7EBD1DDA7446}.Release|x64.Build.0 = Release|Any CPU
		{1437585C-2F10-4A43-AFB6-7EBD1DDA7446}.Release|x86.ActiveCfg = Release|Any CPU
		{1437585C-2F10-4A43-AFB6-7EBD1DDA7446}.Release|x86.Build.0 = Release|Any CPU
		{A9E73F8A-D224-4903-A29B-B3F0E0EAAF86}.Debug|Any CPU.ActiveCfg = Debug|Any CPU
		{A9E73F8A-D224-4903-A29B-B3F0E0EAAF86}.Debug|Any CPU.Build.0 = Debug|Any CPU
		{A9E73F8A-D224-4903-A29B-B3F0E0EAAF86}.Debug|x64.ActiveCfg = Debug|Any CPU
		{A9E73F8A-D224-4903-A29B-B3F0E0EAAF86}.Debug|x64.Build.0 = Debug|Any CPU
		{A9E73F8A-D224-4903-A29B-B3F0E0EAAF86}.Debug|x86.ActiveCfg = Debug|Any CPU
		{A9E73F8A-D224-4903-A29B-B3F0E0EAAF86}.Debug|x86.Build.0 = Debug|Any CPU
		{A9E73F8A-D224-4903-A29B-B3F0E0EAAF86}.Release|Any CPU.ActiveCfg = Release|Any CPU
		{A9E73F8A-D224-4903-A29B-B3F0E0EAAF86}.Release|Any CPU.Build.0 = Release|Any CPU
		{A9E73F8A-D224-4903-A29B-B3F0E0EAAF86}.Release|x64.ActiveCfg = Release|Any CPU
		{A9E73F8A-D224-4903-A29B-B3F0E0EAAF86}.Release|x64.Build.0 = Release|Any CPU
		{A9E73F8A-D224-4903-A29B-B3F0E0EAAF86}.Release|x86.ActiveCfg = Release|Any CPU
		{A9E73F8A-D224-4903-A29B-B3F0E0EAAF86}.Release|x86.Build.0 = Release|Any CPU
		{FC6E66CA-5F20-3E36-E4E6-A4DCA5C92D3B}.Debug|Any CPU.ActiveCfg = Debug|Any CPU
		{FC6E66CA-5F20-3E36-E4E6-A4DCA5C92D3B}.Debug|Any CPU.Build.0 = Debug|Any CPU
		{FC6E66CA-5F20-3E36-E4E6-A4DCA5C92D3B}.Debug|x64.ActiveCfg = Debug|Any CPU
		{FC6E66CA-5F20-3E36-E4E6-A4DCA5C92D3B}.Debug|x64.Build.0 = Debug|Any CPU
		{FC6E66CA-5F20-3E36-E4E6-A4DCA5C92D3B}.Debug|x86.ActiveCfg = Debug|Any CPU
		{FC6E66CA-5F20-3E36-E4E6-A4DCA5C92D3B}.Debug|x86.Build.0 = Debug|Any CPU
		{FC6E66CA-5F20-3E36-E4E6-A4DCA5C92D3B}.Release|Any CPU.ActiveCfg = Release|Any CPU
		{FC6E66CA-5F20-3E36-E4E6-A4DCA5C92D3B}.Release|Any CPU.Build.0 = Release|Any CPU
		{FC6E66CA-5F20-3E36-E4E6-A4DCA5C92D3B}.Release|x64.ActiveCfg = Release|Any CPU
		{FC6E66CA-5F20-3E36-E4E6-A4DCA5C92D3B}.Release|x64.Build.0 = Release|Any CPU
		{FC6E66CA-5F20-3E36-E4E6-A4DCA5C92D3B}.Release|x86.ActiveCfg = Release|Any CPU
		{FC6E66CA-5F20-3E36-E4E6-A4DCA5C92D3B}.Release|x86.Build.0 = Release|Any CPU
	EndGlobalSection
	GlobalSection(SolutionProperties) = preSolution
		HideSolutionNode = FALSE
	EndGlobalSection
EndGlobal
